
Microsoft Visual Studio Solution File, Format Version 12.00
# Visual Studio Version 16
VisualStudioVersion = 16.0.31205.134
MinimumVisualStudioVersion = 10.0.40219.1
Project("{9A19103F-16F7-4668-BE54-9A1E7A4F7556}") = "SurveyWebsite", "SurveyWebsite.csproj", "{B57300B7-1304-465E-B90E-F7BC5C040A06}"
EndProject
Project("{9A19103F-16F7-4668-BE54-9A1E7A4F7556}") = "DataAccessLibrary", "DataAccessLibrary\DataAccessLibrary.csproj", "{45483939-3929-431F-A9D3-0536048E10A9}"
EndProject
Global
	GlobalSection(SolutionConfigurationPlatforms) = preSolution
		Debug|Any CPU = Debug|Any CPU
		Release|Any CPU = Release|Any CPU
	EndGlobalSection
	GlobalSection(ProjectConfigurationPlatforms) = postSolution
		{B57300B7-1304-465E-B90E-F7BC5C040A06}.Debug|Any CPU.ActiveCfg = Debug|Any CPU
		{B57300B7-1304-465E-B90E-F7BC5C040A06}.Debug|Any CPU.Build.0 = Debug|Any CPU
		{B57300B7-1304-465E-B90E-F7BC5C040A06}.Release|Any CPU.ActiveCfg = Release|Any CPU
		{B57300B7-1304-465E-B90E-F7BC5C040A06}.Release|Any CPU.Build.0 = Release|Any CPU
		{45483939-3929-431F-A9D3-0536048E10A9}.Debug|Any CPU.ActiveCfg = Debug|Any CPU
		{45483939-3929-431F-A9D3-0536048E10A9}.Debug|Any CPU.Build.0 = Debug|Any CPU
		{45483939-3929-431F-A9D3-0536048E10A9}.Release|Any CPU.ActiveCfg = Release|Any CPU
		{45483939-3929-431F-A9D3-0536048E10A9}.Release|Any CPU.Build.0 = Release|Any CPU
	EndGlobalSection
	GlobalSection(SolutionProperties) = preSolution
		HideSolutionNode = FALSE
	EndGlobalSection
	GlobalSection(ExtensibilityGlobals) = postSolution
		SolutionGuid = {AFCCA4C4-6F67-454F-941E-9D95E6A93339}
	EndGlobalSection
EndGlobal
